
Microsoft Visual Studio Solution File, Format Version 12.00
# Visual Studio 15
VisualStudioVersion = 15.0.28010.2019
MinimumVisualStudioVersion = 10.0.40219.1
Project("{FAE04EC0-301F-11D3-BF4B-00C04F79EFBC}") = "IdentityServer", "IdentityServer\IdentityServer.csproj", "{DA5C07B7-1A78-442D-A2D0-1ED025EF5329}"
EndProject
Global
	GlobalSection(SolutionConfigurationPlatforms) = preSolution
		Debug|Any CPU = Debug|Any CPU
		Release|Any CPU = Release|Any CPU
	EndGlobalSection
	GlobalSection(ProjectConfigurationPlatforms) = postSolution
		{DA5C07B7-1A78-442D-A2D0-1ED025EF5329}.Debug|Any CPU.ActiveCfg = Debug|Any CPU
		{DA5C07B7-1A78-442D-A2D0-1ED025EF5329}.Debug|Any CPU.Build.0 = Debug|Any CPU
		{DA5C07B7-1A78-442D-A2D0-1ED025EF5329}.Release|Any CPU.ActiveCfg = Release|Any CPU
		{DA5C07B7-1A78-442D-A2D0-1ED025EF5329}.Release|Any CPU.Build.0 = Release|Any CPU
	EndGlobalSection
	GlobalSection(SolutionProperties) = preSolution
		HideSolutionNode = FALSE
	EndGlobalSection
	GlobalSection(ExtensibilityGlobals) = postSolution
		SolutionGuid = {59790679-87A9-4F3B-A9C2-60B96863F785}
	EndGlobalSection
EndGlobal
